// !$*UTF8*$!
{
	archiveVersion = 1;
	classes = {
	};
	objectVersion = 50;
	objects = {

/* Begin PBXBuildFile section */
		18C3ADA623672AD3008D86BA /* AppDelegate.swift in Sources */ = {isa = PBXBuildFile; fileRef = 18C3ADA523672AD3008D86BA /* AppDelegate.swift */; };
		18C3ADA823672AD3008D86BA /* SceneDelegate.swift in Sources */ = {isa = PBXBuildFile; fileRef = 18C3ADA723672AD3008D86BA /* SceneDelegate.swift */; };
		18C3ADAA23672AD3008D86BA /* ViewController.swift in Sources */ = {isa = PBXBuildFile; fileRef = 18C3ADA923672AD3008D86BA /* ViewController.swift */; };
		18C3ADAD23672AD3008D86BA /* Main.storyboard in Resources */ = {isa = PBXBuildFile; fileRef = 18C3ADAB23672AD3008D86BA /* Main.storyboard */; };
		18C3ADAF23672AD4008D86BA /* Assets.xcassets in Resources */ = {isa = PBXBuildFile; fileRef = 18C3ADAE23672AD4008D86BA /* Assets.xcassets */; };
		18C3ADB223672AD4008D86BA /* LaunchScreen.storyboard in Resources */ = {isa = PBXBuildFile; fileRef = 18C3ADB023672AD4008D86BA /* LaunchScreen.storyboard */; };
		18C3ADBD23672AD4008D86BA /* ArkitDemoTests.swift in Sources */ = {isa = PBXBuildFile; fileRef = 18C3ADBC23672AD4008D86BA /* ArkitDemoTests.swift */; };
		18C3ADC823672AD4008D86BA /* ArkitDemoUITests.swift in Sources */ = {isa = PBXBuildFile; fileRef = 18C3ADC723672AD4008D86BA /* ArkitDemoUITests.swift */; };
/* End PBXBuildFile section */

/* Begin PBXContainerItemProxy section */
		18C3ADB923672AD4008D86BA /* PBXContainerItemProxy */ = {
			isa = PBXContainerItemProxy;
			containerPortal = 18C3AD9A23672AD3008D86BA /* Project object */;
			proxyType = 1;
			remoteGlobalIDString = 18C3ADA123672AD3008D86BA;
			remoteInfo = ArkitDemo;
		};
		18C3ADC423672AD4008D86BA /* PBXContainerItemProxy */ = {
			isa = PBXContainerItemProxy;
			containerPortal = 18C3AD9A23672AD3008D86BA /* Project object */;
			proxyType = 1;
			remoteGlobalIDString = 18C3ADA123672AD3008D86BA;
			remoteInfo = ArkitDemo;
		};
/* End PBXContainerItemProxy section */

/* Begin PBXFileReference section */
		18C3ADA223672AD3008D86BA /* ArkitDemo.app */ = {isa = PBXFileReference; explicitFileType = wrapper.application; includeInIndex = 0; path = ArkitDemo.app; sourceTree = BUILT_PRODUCTS_DIR; };
		18C3ADA523672AD3008D86BA /* AppDelegate.swift */ = {isa = PBXFileReference; lastKnownFileType = sourcecode.swift; path = AppDelegate.swift; sourceTree = "<group>"; };
		18C3ADA723672AD3008D86BA /* SceneDelegate.swift */ = {isa = PBXFileReference; lastKnownFileType = sourcecode.swift; path = SceneDelegate.swift; sourceTree = "<group>"; };
		18C3ADA923672AD3008D86BA /* ViewController.swift */ = {isa = PBXFileReference; lastKnownFileType = sourcecode.swift; path = ViewController.swift; sourceTree = "<group>"; };
		18C3ADAC23672AD3008D86BA /* Base */ = {isa = PBXFileReference; lastKnownFileType = file.storyboard; name = Base; path = Base.lproj/Main.storyboard; sourceTree = "<group>"; };
		18C3ADAE23672AD4008D86BA /* Assets.xcassets */ = {isa = PBXFileReference; lastKnownFileType = folder.assetcatalog; path = Assets.xcassets; sourceTree = "<group>"; };
		18C3ADB123672AD4008D86BA /* Base */ = {isa = PBXFileReference; lastKnownFileType = file.storyboard; name = Base; path = Base.lproj/LaunchScreen.storyboard; sourceTree = "<group>"; };
		18C3ADB323672AD4008D86BA /* Info.plist */ = {isa = PBXFileReference; lastKnownFileType = text.plist.xml; path = Info.plist; sourceTree = "<group>"; };
		18C3ADB823672AD4008D86BA /* ArkitDemoTests.xctest */ = {isa = PBXFileReference; explicitFileType = wrapper.cfbundle; includeInIndex = 0; path = ArkitDemoTests.xctest; sourceTree = BUILT_PRODUCTS_DIR; };
		18C3ADBC23672AD4008D86BA /* ArkitDemoTests.swift */ = {isa = PBXFileReference; lastKnownFileType = sourcecode.swift; path = ArkitDemoTests.swift; sourceTree = "<group>"; };
		18C3ADBE23672AD4008D86BA /* Info.plist */ = {isa = PBXFileReference; lastKnownFileType = text.plist.xml; path = Info.plist; sourceTree = "<group>"; };
		18C3ADC323672AD4008D86BA /* ArkitDemoUITests.xctest */ = {isa = PBXFileReference; explicitFileType = wrapper.cfbundle; includeInIndex = 0; path = ArkitDemoUITests.xctest; sourceTree = BUILT_PRODUCTS_DIR; };
		18C3ADC723672AD4008D86BA /* ArkitDemoUITests.swift */ = {isa = PBXFileReference; lastKnownFileType = sourcecode.swift; path = ArkitDemoUITests.swift; sourceTree = "<group>"; };
		18C3ADC923672AD4008D86BA /* Info.plist */ = {isa = PBXFileReference; lastKnownFileType = text.plist.xml; path = Info.plist; sourceTree = "<group>"; };
/* End PBXFileReference section */

/* Begin PBXFrameworksBuildPhase section */
		18C3AD9F23672AD3008D86BA /* Frameworks */ = {
			isa = PBXFrameworksBuildPhase;
			buildActionMask = 2147483647;
			files = (
			);
			runOnlyForDeploymentPostprocessing = 0;
		};
		18C3ADB523672AD4008D86BA /* Frameworks */ = {
			isa = PBXFrameworksBuildPhase;
			buildActionMask = 2147483647;
			files = (
			);
			runOnlyForDeploymentPostprocessing = 0;
		};
		18C3ADC023672AD4008D86BA /* Frameworks */ = {
			isa = PBXFrameworksBuildPhase;
			buildActionMask = 2147483647;
			files = (
			);
			runOnlyForDeploymentPostprocessing = 0;
		};
/* End PBXFrameworksBuildPhase section */

/* Begin PBXGroup section */
		18C3AD9923672AD3008D86BA = {
			isa = PBXGroup;
			children = (
				18C3ADA423672AD3008D86BA /* ArkitDemo */,
				18C3ADBB23672AD4008D86BA /* ArkitDemoTests */,
				18C3ADC623672AD4008D86BA /* ArkitDemoUITests */,
				18C3ADA323672AD3008D86BA /* Products */,
			);
			sourceTree = "<group>";
		};
		18C3ADA323672AD3008D86BA /* Products */ = {
			isa = PBXGroup;
			children = (
				18C3ADA223672AD3008D86BA /* ArkitDemo.app */,
				18C3ADB823672AD4008D86BA /* ArkitDemoTests.xctest */,
				18C3ADC323672AD4008D86BA /* ArkitDemoUITests.xctest */,
			);
			name = Products;
			sourceTree = "<group>";
		};
		18C3ADA423672AD3008D86BA /* ArkitDemo */ = {
			isa = PBXGroup;
			children = (
				18C3ADA523672AD3008D86BA /* AppDelegate.swift */,
				18C3ADA723672AD3008D86BA /* SceneDelegate.swift */,
				18C3ADA923672AD3008D86BA /* ViewController.swift */,
				18C3ADAB23672AD3008D86BA /* Main.storyboard */,
				18C3ADAE23672AD4008D86BA /* Assets.xcassets */,
				18C3ADB023672AD4008D86BA /* LaunchScreen.storyboard */,
				18C3ADB323672AD4008D86BA /* Info.plist */,
			);
			path = ArkitDemo;
			sourceTree = "<group>";
		};
		18C3ADBB23672AD4008D86BA /* ArkitDemoTests */ = {
			isa = PBXGroup;
			children = (
				18C3ADBC23672AD4008D86BA /* ArkitDemoTests.swift */,
				18C3ADBE23672AD4008D86BA /* Info.plist */,
			);
			path = ArkitDemoTests;
			sourceTree = "<group>";
		};
		18C3ADC623672AD4008D86BA /* ArkitDemoUITests */ = {
			isa = PBXGroup;
			children = (
				18C3ADC723672AD4008D86BA /* ArkitDemoUITests.swift */,
				18C3ADC923672AD4008D86BA /* Info.plist */,
			);
			path = ArkitDemoUITests;
			sourceTree = "<group>";
		};
/* End PBXGroup section */

/* Begin PBXNativeTarget section */
		18C3ADA123672AD3008D86BA /* ArkitDemo */ = {
			isa = PBXNativeTarget;
			buildConfigurationList = 18C3ADCC23672AD4008D86BA /* Build configuration list for PBXNativeTarget "ArkitDemo" */;
			buildPhases = (
				18C3AD9E23672AD3008D86BA /* Sources */,
				18C3AD9F23672AD3008D86BA /* Frameworks */,
				18C3ADA023672AD3008D86BA /* Resources */,
			);
			buildRules = (
			);
			dependencies = (
			);
			name = ArkitDemo;
			productName = ArkitDemo;
			productReference = 18C3ADA223672AD3008D86BA /* ArkitDemo.app */;
			productType = "com.apple.product-type.application";
		};
		18C3ADB723672AD4008D86BA /* ArkitDemoTests */ = {
			isa = PBXNativeTarget;
			buildConfigurationList = 18C3ADCF23672AD4008D86BA /* Build configuration list for PBXNativeTarget "ArkitDemoTests" */;
			buildPhases = (
				18C3ADB423672AD4008D86BA /* Sources */,
				18C3ADB523672AD4008D86BA /* Frameworks */,
				18C3ADB623672AD4008D86BA /* Resources */,
			);
			buildRules = (
			);
			dependencies = (
				18C3ADBA23672AD4008D86BA /* PBXTargetDependency */,
			);
			name = ArkitDemoTests;
			productName = ArkitDemoTests;
			productReference = 18C3ADB823672AD4008D86BA /* ArkitDemoTests.xctest */;
			productType = "com.apple.product-type.bundle.unit-test";
		};
		18C3ADC223672AD4008D86BA /* ArkitDemoUITests */ = {
			isa = PBXNativeTarget;
			buildConfigurationList = 18C3ADD223672AD4008D86BA /* Build configuration list for PBXNativeTarget "ArkitDemoUITests" */;
			buildPhases = (
				18C3ADBF23672AD4008D86BA /* Sources */,
				18C3ADC023672AD4008D86BA /* Frameworks */,
				18C3ADC123672AD4008D86BA /* Resources */,
			);
			buildRules = (
			);
			dependencies = (
				18C3ADC523672AD4008D86BA /* PBXTargetDependency */,
			);
			name = ArkitDemoUITests;
			productName = ArkitDemoUITests;
			productReference = 18C3ADC323672AD4008D86BA /* ArkitDemoUITests.xctest */;
			productType = "com.apple.product-type.bundle.ui-testing";
		};
/* End PBXNativeTarget section */

/* Begin PBXProject section */
		18C3AD9A23672AD3008D86BA /* Project object */ = {
			isa = PBXProject;
			attributes = {
				LastSwiftUpdateCheck = 1110;
				LastUpgradeCheck = 1110;
				ORGANIZATIONNAME = Apple;
				TargetAttributes = {
					18C3ADA123672AD3008D86BA = {
						CreatedOnToolsVersion = 11.1;
					};
					18C3ADB723672AD4008D86BA = {
						CreatedOnToolsVersion = 11.1;
						TestTargetID = 18C3ADA123672AD3008D86BA;
					};
					18C3ADC223672AD4008D86BA = {
						CreatedOnToolsVersion = 11.1;
						TestTargetID = 18C3ADA123672AD3008D86BA;
					};
				};
			};
			buildConfigurationList = 18C3AD9D23672AD3008D86BA /* Build configuration list for PBXProject "ArkitDemo" */;
			compatibilityVersion = "Xcode 9.3";
			developmentRegion = en;
			hasScannedForEncodings = 0;
			knownRegions = (
				en,
				Base,
			);
			mainGroup = 18C3AD9923672AD3008D86BA;
			productRefGroup = 18C3ADA323672AD3008D86BA /* Products */;
			projectDirPath = "";
			projectRoot = "";
			targets = (
				18C3ADA123672AD3008D86BA /* ArkitDemo */,
				18C3ADB723672AD4008D86BA /* ArkitDemoTests */,
				18C3ADC223672AD4008D86BA /* ArkitDemoUITests */,
			);
		};
/* End PBXProject section */

/* Begin PBXResourcesBuildPhase section */
		18C3ADA023672AD3008D86BA /* Resources */ = {
			isa = PBXResourcesBuildPhase;
			buildActionMask = 2147483647;
			files = (
				18C3ADB223672AD4008D86BA /* LaunchScreen.storyboard in Resources */,
				18C3ADAF23672AD4008D86BA /* Assets.xcassets in Resources */,
				18C3ADAD23672AD3008D86BA /* Main.storyboard in Resources */,
			);
			runOnlyForDeploymentPostprocessing = 0;
		};
		18C3ADB623672AD4008D86BA /* Resources */ = {
			isa = PBXResourcesBuildPhase;
			buildActionMask = 2147483647;
			files = (
			);
			runOnlyForDeploymentPostprocessing = 0;
		};
		18C3ADC123672AD4008D86BA /* Resources */ = {
			isa = PBXResourcesBuildPhase;
			buildActionMask = 2147483647;
			files = (
			);
			runOnlyForDeploymentPostprocessing = 0;
		};
/* End PBXResourcesBuildPhase section */

/* Begin PBXSourcesBuildPhase section */
		18C3AD9E23672AD3008D86BA /* Sources */ = {
			isa = PBXSourcesBuildPhase;
			buildActionMask = 2147483647;
			files = (
				18C3ADAA23672AD3008D86BA /* ViewController.swift in Sources */,
				18C3ADA623672AD3008D86BA /* AppDelegate.swift in Sources */,
				18C3ADA823672AD3008D86BA /* SceneDelegate.swift in Sources */,
			);
			runOnlyForDeploymentPostprocessing = 0;
		};
		18C3ADB423672AD4008D86BA /* Sources */ = {
			isa = PBXSourcesBuildPhase;
			buildActionMask = 2147483647;
			files = (
				18C3ADBD23672AD4008D86BA /* ArkitDemoTests.swift in Sources */,
			);
			runOnlyForDeploymentPostprocessing = 0;
		};
		18C3ADBF23672AD4008D86BA /* Sources */ = {
			isa = PBXSourcesBuildPhase;
			buildActionMask = 2147483647;
			files = (
				18C3ADC823672AD4008D86BA /* ArkitDemoUITests.swift in Sources */,
			);
			runOnlyForDeploymentPostprocessing = 0;
		};
/* End PBXSourcesBuildPhase section */

/* Begin PBXTargetDependency section */
		18C3ADBA23672AD4008D86BA /* PBXTargetDependency */ = {
			isa = PBXTargetDependency;
			target = 18C3ADA123672AD3008D86BA /* ArkitDemo */;
			targetProxy = 18C3ADB923672AD4008D86BA /* PBXContainerItemProxy */;
		};
		18C3ADC523672AD4008D86BA /* PBXTargetDependency */ = {
			isa = PBXTargetDependency;
			target = 18C3ADA123672AD3008D86BA /* ArkitDemo */;
			targetProxy = 18C3ADC423672AD4008D86BA /* PBXContainerItemProxy */;
		};
/* End PBXTargetDependency section */

/* Begin PBXVariantGroup section */
		18C3ADAB23672AD3008D86BA /* Main.storyboard */ = {
			isa = PBXVariantGroup;
			children = (
				18C3ADAC23672AD3008D86BA /* Base */,
			);
			name = Main.storyboard;
			sourceTree = "<group>";
		};
		18C3ADB023672AD4008D86BA /* LaunchScreen.storyboard */ = {
			isa = PBXVariantGroup;
			children = (
				18C3ADB123672AD4008D86BA /* Base */,
			);
			name = LaunchScreen.storyboard;
			sourceTree = "<group>";
		};
/* End PBXVariantGroup section */

/* Begin XCBuildConfiguration section */
		18C3ADCA23672AD4008D86BA /* Debug */ = {
			isa = XCBuildConfiguration;
			buildSettings = {
				ALWAYS_SEARCH_USER_PATHS = NO;
				CLANG_ANALYZER_NONNULL = YES;
				CLANG_ANALYZER_NUMBER_OBJECT_CONVERSION = YES_AGGRESSIVE;
				CLANG_CXX_LANGUAGE_STANDARD = "gnu++14";
				CLANG_CXX_LIBRARY = "libc++";
				CLANG_ENABLE_MODULES = YES;
				CLANG_ENABLE_OBJC_ARC = YES;
				CLANG_ENABLE_OBJC_WEAK = YES;
				CLANG_WARN_BLOCK_CAPTURE_AUTORELEASING = YES;
				CLANG_WARN_BOOL_CONVERSION = YES;
				CLANG_WARN_COMMA = YES;
				CLANG_WARN_CONSTANT_CONVERSION = YES;
				CLANG_WARN_DEPRECATED_OBJC_IMPLEMENTATIONS = YES;
				CLANG_WARN_DIRECT_OBJC_ISA_USAGE = YES_ERROR;
				CLANG_WARN_DOCUMENTATION_COMMENTS = YES;
				CLANG_WARN_EMPTY_BODY = YES;
				CLANG_WARN_ENUM_CONVERSION = YES;
				CLANG_WARN_INFINITE_RECURSION = YES;
				CLANG_WARN_INT_CONVERSION = YES;
				CLANG_WARN_NON_LITERAL_NULL_CONVERSION = YES;
				CLANG_WARN_OBJC_IMPLICIT_RETAIN_SELF = YES;
				CLANG_WARN_OBJC_LITERAL_CONVERSION = YES;
				CLANG_WARN_OBJC_ROOT_CLASS = YES_ERROR;
				CLANG_WARN_RANGE_LOOP_ANALYSIS = YES;
				CLANG_WARN_STRICT_PROTOTYPES = YES;
				CLANG_WARN_SUSPICIOUS_MOVE = YES;
				CLANG_WARN_UNGUARDED_AVAILABILITY = YES_AGGRESSIVE;
				CLANG_WARN_UNREACHABLE_CODE = YES;
				CLANG_WARN__DUPLICATE_METHOD_MATCH = YES;
				COPY_PHASE_STRIP = NO;
				DEBUG_INFORMATION_FORMAT = dwarf;
				ENABLE_STRICT_OBJC_MSGSEND = YES;
				ENABLE_TESTABILITY = YES;
				GCC_C_LANGUAGE_STANDARD = gnu11;
				GCC_DYNAMIC_NO_PIC = NO;
				GCC_NO_COMMON_BLOCKS = YES;
				GCC_OPTIMIZATION_LEVEL = 0;
				GCC_PREPROCESSOR_DEFINITIONS = (
					"DEBUG=1",
					"$(inherited)",
				);
				GCC_WARN_64_TO_32_BIT_CONVERSION = YES;
				GCC_WARN_ABOUT_RETURN_TYPE = YES_ERROR;
				GCC_WARN_UNDECLARED_SELECTOR = YES;
				GCC_WARN_UNINITIALIZED_AUTOS = YES_AGGRESSIVE;
				GCC_WARN_UNUSED_FUNCTION = YES;
				GCC_WARN_UNUSED_VARIABLE = YES;
				IPHONEOS_DEPLOYMENT_TARGET = 12.4;
				MTL_ENABLE_DEBUG_INFO = INCLUDE_SOURCE;
				MTL_FAST_MATH = YES;
				ONLY_ACTIVE_ARCH = YES;
				SDKROOT = iphoneos;
				SWIFT_ACTIVE_COMPILATION_CONDITIONS = DEBUG;
				SWIFT_OPTIMIZATION_LEVEL = "-Onone";
			};
			name = Debug;
		};
		18C3ADCB23672AD4008D86BA /* Release */ = {
			isa = XCBuildConfiguration;
			buildSettings = {
				ALWAYS_SEARCH_USER_PATHS = NO;
				CLANG_ANALYZER_NONNULL = YES;
				CLANG_ANALYZER_NUMBER_OBJECT_CONVERSION = YES_AGGRESSIVE;
				CLANG_CXX_LANGUAGE_STANDARD = "gnu++14";
				CLANG_CXX_LIBRARY = "libc++";
				CLANG_ENABLE_MODULES = YES;
				CLANG_ENABLE_OBJC_ARC = YES;
				CLANG_ENABLE_OBJC_WEAK = YES;
				CLANG_WARN_BLOCK_CAPTURE_AUTORELEASING = YES;
				CLANG_WARN_BOOL_CONVERSION = YES;
				CLANG_WARN_COMMA = YES;
				CLANG_WARN_CONSTANT_CONVERSION = YES;
				CLANG_WARN_DEPRECATED_OBJC_IMPLEMENTATIONS = YES;
				CLANG_WARN_DIRECT_OBJC_ISA_USAGE = YES_ERROR;
				CLANG_WARN_DOCUMENTATION_COMMENTS = YES;
				CLANG_WARN_EMPTY_BODY = YES;
				CLANG_WARN_ENUM_CONVERSION = YES;
				CLANG_WARN_INFINITE_RECURSION = YES;
				CLANG_WARN_INT_CONVERSION = YES;
				CLANG_WARN_NON_LITERAL_NULL_CONVERSION = YES;
				CLANG_WARN_OBJC_IMPLICIT_RETAIN_SELF = YES;
				CLANG_WARN_OBJC_LITERAL_CONVERSION = YES;
				CLANG_WARN_OBJC_ROOT_CLASS = YES_ERROR;
				CLANG_WARN_RANGE_LOOP_ANALYSIS = YES;
				CLANG_WARN_STRICT_PROTOTYPES = YES;
				CLANG_WARN_SUSPICIOUS_MOVE = YES;
				CLANG_WARN_UNGUARDED_AVAILABILITY = YES_AGGRESSIVE;
				CLANG_WARN_UNREACHABLE_CODE = YES;
				CLANG_WARN__DUPLICATE_METHOD_MATCH = YES;
				COPY_PHASE_STRIP = NO;
				DEBUG_INFORMATION_FORMAT = "dwarf-with-dsym";
				ENABLE_NS_ASSERTIONS = NO;
				ENABLE_STRICT_OBJC_MSGSEND = YES;
				GCC_C_LANGUAGE_STANDARD = gnu11;
				GCC_NO_COMMON_BLOCKS = YES;
				GCC_WARN_64_TO_32_BIT_CONVERSION = YES;
				GCC_WARN_ABOUT_RETURN_TYPE = YES_ERROR;
				GCC_WARN_UNDECLARED_SELECTOR = YES;
				GCC_WARN_UNINITIALIZED_AUTOS = YES_AGGRESSIVE;
				GCC_WARN_UNUSED_FUNCTION = YES;
				GCC_WARN_UNUSED_VARIABLE = YES;
				IPHONEOS_DEPLOYMENT_TARGET = 12.4;
				MTL_ENABLE_DEBUG_INFO = NO;
				MTL_FAST_MATH = YES;
				SDKROOT = iphoneos;
				SWIFT_COMPILATION_MODE = wholemodule;
				SWIFT_OPTIMIZATION_LEVEL = "-O";
				VALIDATE_PRODUCT = YES;
			};
			name = Release;
		};
		18C3ADCD23672AD4008D86BA /* Debug */ = {
			isa = XCBuildConfiguration;
			buildSettings = {
				ASSETCATALOG_COMPILER_APPICON_NAME = AppIcon;
				CODE_SIGN_IDENTITY = "iPhone Developer";
				CODE_SIGN_STYLE = Automatic;
				DEVELOPMENT_TEAM = 3URYU9BMYS;
				INFOPLIST_FILE = ArkitDemo/Info.plist;
				LD_RUNPATH_SEARCH_PATHS = (
					"$(inherited)",
					"@executable_path/Frameworks",
				);
				PRODUCT_BUNDLE_IDENTIFIER = com.arkit;
				PRODUCT_NAME = "$(TARGET_NAME)";
				PROVISIONING_PROFILE_SPECIFIER = "";
				SWIFT_VERSION = 5.0;
				TARGETED_DEVICE_FAMILY = "1,2";
			};
			name = Debug;
		};
		18C3ADCE23672AD4008D86BA /* Release */ = {
			isa = XCBuildConfiguration;
			buildSettings = {
				ASSETCATALOG_COMPILER_APPICON_NAME = AppIcon;
				CODE_SIGN_IDENTITY = "iPhone Developer";
				CODE_SIGN_STYLE = Automatic;
				DEVELOPMENT_TEAM = 3URYU9BMYS;
				INFOPLIST_FILE = ArkitDemo/Info.plist;
				LD_RUNPATH_SEARCH_PATHS = (
					"$(inherited)",
					"@executable_path/Frameworks",
				);
				PRODUCT_BUNDLE_IDENTIFIER = com.arkit;
				PRODUCT_NAME = "$(TARGET_NAME)";
				PROVISIONING_PROFILE_SPECIFIER = "";
				SWIFT_VERSION = 5.0;
				TARGETED_DEVICE_FAMILY = "1,2";
			};
			name = Release;
		};
		18C3ADD023672AD4008D86BA /* Debug */ = {
			isa = XCBuildConfiguration;
			buildSettings = {
				ALWAYS_EMBED_SWIFT_STANDARD_LIBRARIES = YES;
				BUNDLE_LOADER = "$(TEST_HOST)";
				CODE_SIGN_STYLE = Automatic;
				INFOPLIST_FILE = ArkitDemoTests/Info.plist;
				IPHONEOS_DEPLOYMENT_TARGET = 13.1;
				LD_RUNPATH_SEARCH_PATHS = (
					"$(inherited)",
					"@executable_path/Frameworks",
					"@loader_path/Frameworks",
				);
				PRODUCT_BUNDLE_IDENTIFIER = talha.ArkitDemoTests;
				PRODUCT_NAME = "$(TARGET_NAME)";
				SWIFT_VERSION = 5.0;
				TARGETED_DEVICE_FAMILY = "1,2";
				TEST_HOST = "$(BUILT_PRODUCTS_DIR)/ArkitDemo.app/ArkitDemo";
			};
			name = Debug;
		};
		18C3ADD123672AD4008D86BA /* Release */ = {
			isa = XCBuildConfiguration;
			buildSettings = {
				ALWAYS_EMBED_SWIFT_STANDARD_LIBRARIES = YES;
				BUNDLE_LOADER = "$(TEST_HOST)";
				CODE_SIGN_STYLE = Automatic;
				INFOPLIST_FILE = ArkitDemoTests/Info.plist;
				IPHONEOS_DEPLOYMENT_TARGET = 13.1;
				LD_RUNPATH_SEARCH_PATHS = (
					"$(inherited)",
					"@executable_path/Frameworks",
					"@loader_path/Frameworks",
				);
				PRODUCT_BUNDLE_IDENTIFIER = talha.ArkitDemoTests;
				PRODUCT_NAME = "$(TARGET_NAME)";
				SWIFT_VERSION = 5.0;
				TARGETED_DEVICE_FAMILY = "1,2";
				TEST_HOST = "$(BUILT_PRODUCTS_DIR)/ArkitDemo.app/ArkitDemo";
			};
			name = Release;
		};
		18C3ADD323672AD4008D86BA /* Debug */ = {
			isa = XCBuildConfiguration;
			buildSettings = {
				ALWAYS_EMBED_SWIFT_STANDARD_LIBRARIES = YES;
				CODE_SIGN_STYLE = Automatic;
				INFOPLIST_FILE = ArkitDemoUITests/Info.plist;
				LD_RUNPATH_SEARCH_PATHS = (
					"$(inherited)",
					"@executable_path/Frameworks",
					"@loader_path/Frameworks",
				);
				PRODUCT_BUNDLE_IDENTIFIER = talha.ArkitDemoUITests;
				PRODUCT_NAME = "$(TARGET_NAME)";
				SWIFT_VERSION = 5.0;
				TARGETED_DEVICE_FAMILY = "1,2";
				TEST_TARGET_NAME = ArkitDemo;
			};
			name = Debug;
		};
		18C3ADD423672AD4008D86BA /* Release */ = {
			isa = XCBuildConfiguration;
			buildSettings = {
				ALWAYS_EMBED_SWIFT_STANDARD_LIBRARIES = YES;
				CODE_SIGN_STYLE = Automatic;
				INFOPLIST_FILE = ArkitDemoUITests/Info.plist;
				LD_RUNPATH_SEARCH_PATHS = (
					"$(inherited)",
					"@executable_path/Frameworks",
					"@loader_path/Frameworks",
				);
				PRODUCT_BUNDLE_IDENTIFIER = talha.ArkitDemoUITests;
				PRODUCT_NAME = "$(TARGET_NAME)";
				SWIFT_VERSION = 5.0;
				TARGETED_DEVICE_FAMILY = "1,2";
				TEST_TARGET_NAME = ArkitDemo;
			};
			name = Release;
		};
/* End XCBuildConfiguration section */

/* Begin XCConfigurationList section */
		18C3AD9D23672AD3008D86BA /* Build configuration list for PBXProject "ArkitDemo" */ = {
			isa = XCConfigurationList;
			buildConfigurations = (
				18C3ADCA23672AD4008D86BA /* Debug */,
				18C3ADCB23672AD4008D86BA /* Release */,
			);
			defaultConfigurationIsVisible = 0;
			defaultConfigurationName = Release;
		};
		18C3ADCC23672AD4008D86BA /* Build configuration list for PBXNativeTarget "ArkitDemo" */ = {
			isa = XCConfigurationList;
			buildConfigurations = (
				18C3ADCD23672AD4008D86BA /* Debug */,
				18C3ADCE23672AD4008D86BA /* Release */,
			);
			defaultConfigurationIsVisible = 0;
			defaultConfigurationName = Release;
		};
		18C3ADCF23672AD4008D86BA /* Build configuration list for PBXNativeTarget "ArkitDemoTests" */ = {
			isa = XCConfigurationList;
			buildConfigurations = (
				18C3ADD023672AD4008D86BA /* Debug */,
				18C3ADD123672AD4008D86BA /* Release */,
			);
			defaultConfigurationIsVisible = 0;
			defaultConfigurationName = Release;
		};
		18C3ADD223672AD4008D86BA /* Build configuration list for PBXNativeTarget "ArkitDemoUITests" */ = {
			isa = XCConfigurationList;
			buildConfigurations = (
				18C3ADD323672AD4008D86BA /* Debug */,
				18C3ADD423672AD4008D86BA /* Release */,
			);
			defaultConfigurationIsVisible = 0;
			defaultConfigurationName = Release;
		};
/* End XCConfigurationList section */
	};
	rootObject = 18C3AD9A23672AD3008D86BA /* Project object */;
}
